
Microsoft Visual Studio Solution File, Format Version 12.00
# Visual Studio Version 17
VisualStudioVersion = 17.14.36310.24
MinimumVisualStudioVersion = 10.0.40219.1
Project("{2150E333-8FDC-42A3-9474-1A3956D46DE8}") = "1_S_Principle", "1_S_Principle", "{02EA681E-C7D8-13C7-8484-4AC65E1B71E8}"
EndProject
Project("{2150E333-8FDC-42A3-9474-1A3956D46DE8}") = "2_O_Principle", "2_O_Principle", "{BD79537B-9140-4467-9E5C-E6FB7738CF21}"
EndProject
Project("{2150E333-8FDC-42A3-9474-1A3956D46DE8}") = "3_L_Principle", "3_L_Principle", "{6C8DC887-5043-4655-845C-7017629EA813}"
EndProject
Project("{2150E333-8FDC-42A3-9474-1A3956D46DE8}") = "4_I_Principle", "4_I_Principle", "{B5EC8712-6431-40DF-8C81-89A05CF855C6}"
EndProject
Project("{2150E333-8FDC-42A3-9474-1A3956D46DE8}") = "5_D_Principle", "5_D_Principle", "{BE7899B2-1E82-433D-B2E1-B505B7546B8C}"
EndProject
Project("{FAE04EC0-301F-11D3-BF4B-00C04F79EFBC}") = "Before", "S\Before\Before.csproj", "{E1E47A08-32CB-49EB-A5BB-4E53F6273A70}"
EndProject
Project("{FAE04EC0-301F-11D3-BF4B-00C04F79EFBC}") = "After", "S\After\After.csproj", "{33A06490-4BE9-4481-A7C1-D6CCB919A20B}"
EndProject
Project("{FAE04EC0-301F-11D3-BF4B-00C04F79EFBC}") = "Before", "O\Before\Before.csproj", "{E38F4C5B-E7E2-4331-BA44-AC87E8FE982E}"
EndProject
Project("{FAE04EC0-301F-11D3-BF4B-00C04F79EFBC}") = "After", "O\After\After.csproj", "{62F867F6-CF10-4147-8F69-39B4E1A5AEDF}"
EndProject
Project("{FAE04EC0-301F-11D3-BF4B-00C04F79EFBC}") = "Before", "L\Before\Before.csproj", "{D1632BBA-BC1C-4264-B1E3-1FF612C4741E}"
EndProject
Project("{FAE04EC0-301F-11D3-BF4B-00C04F79EFBC}") = "After", "L\After\After.csproj", "{61390BD4-5177-4A15-9CA7-BA59153A6589}"
EndProject
Project("{FAE04EC0-301F-11D3-BF4B-00C04F79EFBC}") = "Before", "I\Before\Before.csproj", "{9676543A-9F93-404A-8C06-39C5ECAB120B}"
EndProject
Project("{FAE04EC0-301F-11D3-BF4B-00C04F79EFBC}") = "After", "I\After\After.csproj", "{B1DA961A-3C87-459E-8B35-B607E8E0F012}"
EndProject
Project("{FAE04EC0-301F-11D3-BF4B-00C04F79EFBC}") = "Before", "D\Before\Before.csproj", "{E65D05A1-C8B2-4D88-B296-2B19CB555DB7}"
EndProject
Project("{FAE04EC0-301F-11D3-BF4B-00C04F79EFBC}") = "After", "D\After\After.csproj", "{92F3D945-A3A7-4555-A434-94A0DBF85D1D}"
EndProject
Global
	GlobalSection(SolutionConfigurationPlatforms) = preSolution
		Debug|Any CPU = Debug|Any CPU
		Release|Any CPU = Release|Any CPU
	EndGlobalSection
	GlobalSection(ProjectConfigurationPlatforms) = postSolution
		{E1E47A08-32CB-49EB-A5BB-4E53F6273A70}.Debug|Any CPU.ActiveCfg = Debug|Any CPU
		{E1E47A08-32CB-49EB-A5BB-4E53F6273A70}.Debug|Any CPU.Build.0 = Debug|Any CPU
		{E1E47A08-32CB-49EB-A5BB-4E53F6273A70}.Release|Any CPU.ActiveCfg = Release|Any CPU
		{E1E47A08-32CB-49EB-A5BB-4E53F6273A70}.Release|Any CPU.Build.0 = Release|Any CPU
		{33A06490-4BE9-4481-A7C1-D6CCB919A20B}.Debug|Any CPU.ActiveCfg = Debug|Any CPU
		{33A06490-4BE9-4481-A7C1-D6CCB919A20B}.Debug|Any CPU.Build.0 = Debug|Any CPU
		{33A06490-4BE9-4481-A7C1-D6CCB919A20B}.Release|Any CPU.ActiveCfg = Release|Any CPU
		{33A06490-4BE9-4481-A7C1-D6CCB919A20B}.Release|Any CPU.Build.0 = Release|Any CPU
		{E38F4C5B-E7E2-4331-BA44-AC87E8FE982E}.Debug|Any CPU.ActiveCfg = Debug|Any CPU
		{E38F4C5B-E7E2-4331-BA44-AC87E8FE982E}.Debug|Any CPU.Build.0 = Debug|Any CPU
		{E38F4C5B-E7E2-4331-BA44-AC87E8FE982E}.Release|Any CPU.ActiveCfg = Release|Any CPU
		{E38F4C5B-E7E2-4331-BA44-AC87E8FE982E}.Release|Any CPU.Build.0 = Release|Any CPU
		{62F867F6-CF10-4147-8F69-39B4E1A5AEDF}.Debug|Any CPU.ActiveCfg = Debug|Any CPU
		{62F867F6-CF10-4147-8F69-39B4E1A5AEDF}.Debug|Any CPU.Build.0 = Debug|Any CPU
		{62F867F6-CF10-4147-8F69-39B4E1A5AEDF}.Release|Any CPU.ActiveCfg = Release|Any CPU
		{62F867F6-CF10-4147-8F69-39B4E1A5AEDF}.Release|Any CPU.Build.0 = Release|Any CPU
		{D1632BBA-BC1C-4264-B1E3-1FF612C4741E}.Debug|Any CPU.ActiveCfg = Debug|Any CPU
		{D1632BBA-BC1C-4264-B1E3-1FF612C4741E}.Debug|Any CPU.Build.0 = Debug|Any CPU
		{D1632BBA-BC1C-4264-B1E3-1FF612C4741E}.Release|Any CPU.ActiveCfg = Release|Any CPU
		{D1632BBA-BC1C-4264-B1E3-1FF612C4741E}.Release|Any CPU.Build.0 = Release|Any CPU
		{61390BD4-5177-4A15-9CA7-BA59153A6589}.Debug|Any CPU.ActiveCfg = Debug|Any CPU
		{61390BD4-5177-4A15-9CA7-BA59153A6589}.Debug|Any CPU.Build.0 = Debug|Any CPU
		{61390BD4-5177-4A15-9CA7-BA59153A6589}.Release|Any CPU.ActiveCfg = Release|Any CPU
		{61390BD4-5177-4A15-9CA7-BA59153A6589}.Release|Any CPU.Build.0 = Release|Any CPU
		{9676543A-9F93-404A-8C06-39C5ECAB120B}.Debug|Any CPU.ActiveCfg = Debug|Any CPU
		{9676543A-9F93-404A-8C06-39C5ECAB120B}.Debug|Any CPU.Build.0 = Debug|Any CPU
		{9676543A-9F93-404A-8C06-39C5ECAB120B}.Release|Any CPU.ActiveCfg = Release|Any CPU
		{9676543A-9F93-404A-8C06-39C5ECAB120B}.Release|Any CPU.Build.0 = Release|Any CPU
		{B1DA961A-3C87-459E-8B35-B607E8E0F012}.Debug|Any CPU.ActiveCfg = Debug|Any CPU
		{B1DA961A-3C87-459E-8B35-B607E8E0F012}.Debug|Any CPU.Build.0 = Debug|Any CPU
		{B1DA961A-3C87-459E-8B35-B607E8E0F012}.Release|Any CPU.ActiveCfg = Release|Any CPU
		{B1DA961A-3C87-459E-8B35-B607E8E0F012}.Release|Any CPU.Build.0 = Release|Any CPU
		{E65D05A1-C8B2-4D88-B296-2B19CB555DB7}.Debug|Any CPU.ActiveCfg = Debug|Any CPU
		{E65D05A1-C8B2-4D88-B296-2B19CB555DB7}.Debug|Any CPU.Build.0 = Debug|Any CPU
		{E65D05A1-C8B2-4D88-B296-2B19CB555DB7}.Release|Any CPU.ActiveCfg = Release|Any CPU
		{E65D05A1-C8B2-4D88-B296-2B19CB555DB7}.Release|Any CPU.Build.0 = Release|Any CPU
		{92F3D945-A3A7-4555-A434-94A0DBF85D1D}.Debug|Any CPU.ActiveCfg = Debug|Any CPU
		{92F3D945-A3A7-4555-A434-94A0DBF85D1D}.Debug|Any CPU.Build.0 = Debug|Any CPU
		{92F3D945-A3A7-4555-A434-94A0DBF85D1D}.Release|Any CPU.ActiveCfg = Release|Any CPU
		{92F3D945-A3A7-4555-A434-94A0DBF85D1D}.Release|Any CPU.Build.0 = Release|Any CPU
	EndGlobalSection
	GlobalSection(SolutionProperties) = preSolution
		HideSolutionNode = FALSE
	EndGlobalSection
	GlobalSection(NestedProjects) = preSolution
		{E1E47A08-32CB-49EB-A5BB-4E53F6273A70} = {02EA681E-C7D8-13C7-8484-4AC65E1B71E8}
		{33A06490-4BE9-4481-A7C1-D6CCB919A20B} = {02EA681E-C7D8-13C7-8484-4AC65E1B71E8}
		{E38F4C5B-E7E2-4331-BA44-AC87E8FE982E} = {BD79537B-9140-4467-9E5C-E6FB7738CF21}
		{62F867F6-CF10-4147-8F69-39B4E1A5AEDF} = {BD79537B-9140-4467-9E5C-E6FB7738CF21}
		{D1632BBA-BC1C-4264-B1E3-1FF612C4741E} = {6C8DC887-5043-4655-845C-7017629EA813}
		{61390BD4-5177-4A15-9CA7-BA59153A6589} = {6C8DC887-5043-4655-845C-7017629EA813}
		{9676543A-9F93-404A-8C06-39C5ECAB120B} = {B5EC8712-6431-40DF-8C81-89A05CF855C6}
		{B1DA961A-3C87-459E-8B35-B607E8E0F012} = {B5EC8712-6431-40DF-8C81-89A05CF855C6}
		{E65D05A1-C8B2-4D88-B296-2B19CB555DB7} = {BE7899B2-1E82-433D-B2E1-B505B7546B8C}
		{92F3D945-A3A7-4555-A434-94A0DBF85D1D} = {BE7899B2-1E82-433D-B2E1-B505B7546B8C}
	EndGlobalSection
	GlobalSection(ExtensibilityGlobals) = postSolution
		SolutionGuid = {0B5BD2B4-1846-4185-BF3C-EFE24DFA974A}
	EndGlobalSection
EndGlobal
